// !$*UTF8*$!
{
	archiveVersion = 1;
	classes = {
	};
	objectVersion = 77;
	objects = {

/* Begin PBXBuildFile section */
		0FCA174A09964DF4876277C8 /* PatientMessagingState.swift in Sources */ = {isa = PBXBuildFile; fileRef = 53EDC6E87C33F67201FB285D /* PatientMessagingState.swift */; };
		0FE750E1376F4AF64033BC5E /* PatientMessagesView.swift in Sources */ = {isa = PBXBuildFile; fileRef = 5D13C9543E3EADD105F4BA16 /* PatientMessagesView.swift */; };
		13F597240CC383B2F747933F /* PatientRootView.swift in Sources */ = {isa = PBXBuildFile; fileRef = 6B60254857B4FEEFF822E57A /* PatientRootView.swift */; };
		15F2F383FED2C34E92FB3229 /* PatientPathView.swift in Sources */ = {isa = PBXBuildFile; fileRef = 72ADEE4158B0110762147032 /* PatientPathView.swift */; };
		24878B5D87AA9E4F797DBAC2 /* PatientAPIBoundaryTests.swift in Sources */ = {isa = PBXBuildFile; fileRef = 6AE46B5C7E1868245CAB813E /* PatientAPIBoundaryTests.swift */; };
		2C05F6FD28F28D8001E1E9A6 /* PatientPresentationPreferencesTests.swift in Sources */ = {isa = PBXBuildFile; fileRef = 87273A387D5AC7C0A0902213 /* PatientPresentationPreferencesTests.swift */; };
		33B5AA093C2799CB8B132BAF /* PatientStateVocabularyTests.swift in Sources */ = {isa = PBXBuildFile; fileRef = FFA340A827F34C3A052482D6 /* PatientStateVocabularyTests.swift */; };
		35D3BFF850B483F86DE27A92 /* PatientAPIClient.swift in Sources */ = {isa = PBXBuildFile; fileRef = FF2A8F94E0A3E01291EAF969 /* PatientAPIClient.swift */; };
		3CEF07D49BA12D8F72BFFB79 /* PatientPreferencesView.swift in Sources */ = {isa = PBXBuildFile; fileRef = 5B010B588EC1F3203281832E /* PatientPreferencesView.swift */; };
		3E88A84A7F0B8110E6FA3F46 /* PatientRoundsQuestionTopicTests.swift in Sources */ = {isa = PBXBuildFile; fileRef = 825B29D17DE6475ED8CF970D /* PatientRoundsQuestionTopicTests.swift */; };
		45F5B7452A0354127C47AB66 /* PatientTodayView.swift in Sources */ = {isa = PBXBuildFile; fileRef = 8A904ED627030C42AF40BBD5 /* PatientTodayView.swift */; };
		46D836C07A4EC867C19EF39A /* PatientAPIModelTests.swift in Sources */ = {isa = PBXBuildFile; fileRef = 326CBBE276F88070AADD0776 /* PatientAPIModelTests.swift */; };
		498AD61313EE6C921860C2E2 /* PatientTabShellView.swift in Sources */ = {isa = PBXBuildFile; fileRef = 1D0265A50953C1C1469B6BEA /* PatientTabShellView.swift */; };
		562FA9AD7E38CC035F8E23E5 /* PatientPresentationPreferences.swift in Sources */ = {isa = PBXBuildFile; fileRef = 26AB3D63D6EE567C14EC970A /* PatientPresentationPreferences.swift */; };
		609935F241A5C2890C4E7782 /* PatientCareTeamView.swift in Sources */ = {isa = PBXBuildFile; fileRef = 6BD7472C9921D42E0A3A5481 /* PatientCareTeamView.swift */; };
		6495C30A552F4BF659327BC4 /* PatientReferenceJourneyUITests.swift in Sources */ = {isa = PBXBuildFile; fileRef = E01F26F8BF8FF512B4AEB068 /* PatientReferenceJourneyUITests.swift */; };
		67D2C5C6C66A980053519D86 /* NightingaleApp.swift in Sources */ = {isa = PBXBuildFile; fileRef = ECEFE3457B5E9BBE36553777 /* NightingaleApp.swift */; };
		691CB7696233CDB227FB26BD /* PatientAPIModels.swift in Sources */ = {isa = PBXBuildFile; fileRef = 55786DD1C4D8BD99D90FFCBC /* PatientAPIModels.swift */; };
		6CFFC51C458D85ADF42E5A2B /* PatientComponents.swift in Sources */ = {isa = PBXBuildFile; fileRef = AE7143949FF09ABD2E28FDBD /* PatientComponents.swift */; };
		8135A1E47CF58AB0FEB32D1A /* PatientAppConfiguration.swift in Sources */ = {isa = PBXBuildFile; fileRef = 764087BB4E66392A85797E77 /* PatientAppConfiguration.swift */; };
		81AACF28FF4989E7459EB3FE /* PatientSessionManagementView.swift in Sources */ = {isa = PBXBuildFile; fileRef = B6597C355339E2D5760A484A /* PatientSessionManagementView.swift */; };
		8790C3B0D56740E1ECEF5866 /* PatientExperienceSnapshot.swift in Sources */ = {isa = PBXBuildFile; fileRef = 6DC759A73C63CC90C5707CB0 /* PatientExperienceSnapshot.swift */; };
		948F9FC2EA1808798A0EFB5F /* PatientPrivacyCoverView.swift in Sources */ = {isa = PBXBuildFile; fileRef = 83456BBF2CF3FFF67C81D643 /* PatientPrivacyCoverView.swift */; };
		9B7C198CFD490486E3BA740E /* PatientAppViewModelTests.swift in Sources */ = {isa = PBXBuildFile; fileRef = BA0313EDFD4E8035F16E7B71 /* PatientAppViewModelTests.swift */; };
		A74A4098CFA71961F948F9D8 /* PatientStateVocabulary.swift in Sources */ = {isa = PBXBuildFile; fileRef = D110AA2B08DBF0EEB5EFE8F0 /* PatientStateVocabulary.swift */; };
		B5AF15B237EE0AB19F182CF8 /* PatientWelcomeView.swift in Sources */ = {isa = PBXBuildFile; fileRef = 7380F845608C59841D32AA21 /* PatientWelcomeView.swift */; };
		C819ABC45C354F225A89C6D3 /* PatientSessionManagementUITests.swift in Sources */ = {isa = PBXBuildFile; fileRef = 9D8AFCB620B74EF29C8EB350 /* PatientSessionManagementUITests.swift */; };
		D408334DD3F44A5E21ADEC66 /* Assets.xcassets in Resources */ = {isa = PBXBuildFile; fileRef = A0C491B942A7327EBF7C7BF6 /* Assets.xcassets */; };
		E21F81185F4ABB447FC2D17F /* PatientAPIClientTests.swift in Sources */ = {isa = PBXBuildFile; fileRef = 63CEC2EBC37F5FEB85109C44 /* PatientAPIClientTests.swift */; };
		EC5DB3B76FDB0A47DDD4A712 /* PatientPhotoBackground.swift in Sources */ = {isa = PBXBuildFile; fileRef = 1D2F8A2DDC171DBA8535D5A0 /* PatientPhotoBackground.swift */; };
		EF4E44B1B4EF328742860504 /* PatientAppViewModel.swift in Sources */ = {isa = PBXBuildFile; fileRef = BB67148B1508DD6DDCDE508F /* PatientAppViewModel.swift */; };
		F325CAEE15FDFCA6E50D005E /* PatientSecureStore.swift in Sources */ = {isa = PBXBuildFile; fileRef = 4D276247EBDF61692A9A4453 /* PatientSecureStore.swift */; };
/* End PBXBuildFile section */

/* Begin PBXContainerItemProxy section */
		351132D7C6840823D4C97513 /* PBXContainerItemProxy */ = {
			isa = PBXContainerItemProxy;
			containerPortal = 081802ACA76412AD6BECA8EE /* Project object */;
			proxyType = 1;
			remoteGlobalIDString = 1FB4B5B11E4525282F552828;
			remoteInfo = Nightingale;
		};
		6021592F463EE3ABD4C18265 /* PBXContainerItemProxy */ = {
			isa = PBXContainerItemProxy;
			containerPortal = 081802ACA76412AD6BECA8EE /* Project object */;
			proxyType = 1;
			remoteGlobalIDString = 1FB4B5B11E4525282F552828;
			remoteInfo = Nightingale;
		};
/* End PBXContainerItemProxy section */

/* Begin PBXFileReference section */
		1D0265A50953C1C1469B6BEA /* PatientTabShellView.swift */ = {isa = PBXFileReference; lastKnownFileType = sourcecode.swift; path = PatientTabShellView.swift; sourceTree = "<group>"; };
		1D2F8A2DDC171DBA8535D5A0 /* PatientPhotoBackground.swift */ = {isa = PBXFileReference; lastKnownFileType = sourcecode.swift; path = PatientPhotoBackground.swift; sourceTree = "<group>"; };
		26AB3D63D6EE567C14EC970A /* PatientPresentationPreferences.swift */ = {isa = PBXFileReference; lastKnownFileType = sourcecode.swift; path = PatientPresentationPreferences.swift; sourceTree = "<group>"; };
		326CBBE276F88070AADD0776 /* PatientAPIModelTests.swift */ = {isa = PBXFileReference; lastKnownFileType = sourcecode.swift; path = PatientAPIModelTests.swift; sourceTree = "<group>"; };
		4D276247EBDF61692A9A4453 /* PatientSecureStore.swift */ = {isa = PBXFileReference; lastKnownFileType = sourcecode.swift; path = PatientSecureStore.swift; sourceTree = "<group>"; };
		53EDC6E87C33F67201FB285D /* PatientMessagingState.swift */ = {isa = PBXFileReference; lastKnownFileType = sourcecode.swift; path = PatientMessagingState.swift; sourceTree = "<group>"; };
		55786DD1C4D8BD99D90FFCBC /* PatientAPIModels.swift */ = {isa = PBXFileReference; lastKnownFileType = sourcecode.swift; path = PatientAPIModels.swift; sourceTree = "<group>"; };
		5B010B588EC1F3203281832E /* PatientPreferencesView.swift */ = {isa = PBXFileReference; lastKnownFileType = sourcecode.swift; path = PatientPreferencesView.swift; sourceTree = "<group>"; };
		5D13C9543E3EADD105F4BA16 /* PatientMessagesView.swift */ = {isa = PBXFileReference; lastKnownFileType = sourcecode.swift; path = PatientMessagesView.swift; sourceTree = "<group>"; };
		5E0B95BB3CE5328B8ABBF93B /* NightingaleUITests.xctest */ = {isa = PBXFileReference; includeInIndex = 0; lastKnownFileType = wrapper.cfbundle; path = NightingaleUITests.xctest; sourceTree = BUILT_PRODUCTS_DIR; };
		63CEC2EBC37F5FEB85109C44 /* PatientAPIClientTests.swift */ = {isa = PBXFileReference; lastKnownFileType = sourcecode.swift; path = PatientAPIClientTests.swift; sourceTree = "<group>"; };
		6AE46B5C7E1868245CAB813E /* PatientAPIBoundaryTests.swift */ = {isa = PBXFileReference; lastKnownFileType = sourcecode.swift; path = PatientAPIBoundaryTests.swift; sourceTree = "<group>"; };
		6B60254857B4FEEFF822E57A /* PatientRootView.swift */ = {isa = PBXFileReference; lastKnownFileType = sourcecode.swift; path = PatientRootView.swift; sourceTree = "<group>"; };
		6BD7472C9921D42E0A3A5481 /* PatientCareTeamView.swift */ = {isa = PBXFileReference; lastKnownFileType = sourcecode.swift; path = PatientCareTeamView.swift; sourceTree = "<group>"; };
		6DC759A73C63CC90C5707CB0 /* PatientExperienceSnapshot.swift */ = {isa = PBXFileReference; lastKnownFileType = sourcecode.swift; path = PatientExperienceSnapshot.swift; sourceTree = "<group>"; };
		72ADEE4158B0110762147032 /* PatientPathView.swift */ = {isa = PBXFileReference; lastKnownFileType = sourcecode.swift; path = PatientPathView.swift; sourceTree = "<group>"; };
		7380F845608C59841D32AA21 /* PatientWelcomeView.swift */ = {isa = PBXFileReference; lastKnownFileType = sourcecode.swift; path = PatientWelcomeView.swift; sourceTree = "<group>"; };
		764087BB4E66392A85797E77 /* PatientAppConfiguration.swift */ = {isa = PBXFileReference; lastKnownFileType = sourcecode.swift; path = PatientAppConfiguration.swift; sourceTree = "<group>"; };
		825B29D17DE6475ED8CF970D /* PatientRoundsQuestionTopicTests.swift */ = {isa = PBXFileReference; lastKnownFileType = sourcecode.swift; path = PatientRoundsQuestionTopicTests.swift; sourceTree = "<group>"; };
		83456BBF2CF3FFF67C81D643 /* PatientPrivacyCoverView.swift */ = {isa = PBXFileReference; lastKnownFileType = sourcecode.swift; path = PatientPrivacyCoverView.swift; sourceTree = "<group>"; };
		87273A387D5AC7C0A0902213 /* PatientPresentationPreferencesTests.swift */ = {isa = PBXFileReference; lastKnownFileType = sourcecode.swift; path = PatientPresentationPreferencesTests.swift; sourceTree = "<group>"; };
		8A904ED627030C42AF40BBD5 /* PatientTodayView.swift */ = {isa = PBXFileReference; lastKnownFileType = sourcecode.swift; path = PatientTodayView.swift; sourceTree = "<group>"; };
		9D8AFCB620B74EF29C8EB350 /* PatientSessionManagementUITests.swift */ = {isa = PBXFileReference; lastKnownFileType = sourcecode.swift; path = PatientSessionManagementUITests.swift; sourceTree = "<group>"; };
		A0C491B942A7327EBF7C7BF6 /* Assets.xcassets */ = {isa = PBXFileReference; lastKnownFileType = folder.assetcatalog; path = Assets.xcassets; sourceTree = "<group>"; };
		A441B7C307BAC023571F55E6 /* NightingaleTests.xctest */ = {isa = PBXFileReference; includeInIndex = 0; lastKnownFileType = wrapper.cfbundle; path = NightingaleTests.xctest; sourceTree = BUILT_PRODUCTS_DIR; };
		AE7143949FF09ABD2E28FDBD /* PatientComponents.swift */ = {isa = PBXFileReference; lastKnownFileType = sourcecode.swift; path = PatientComponents.swift; sourceTree = "<group>"; };
		AF58DD5BA7FE99C79A9FE8F5 /* Nightingale.app */ = {isa = PBXFileReference; includeInIndex = 0; lastKnownFileType = wrapper.application; path = Nightingale.app; sourceTree = BUILT_PRODUCTS_DIR; };
		B6597C355339E2D5760A484A /* PatientSessionManagementView.swift */ = {isa = PBXFileReference; lastKnownFileType = sourcecode.swift; path = PatientSessionManagementView.swift; sourceTree = "<group>"; };
		BA0313EDFD4E8035F16E7B71 /* PatientAppViewModelTests.swift */ = {isa = PBXFileReference; lastKnownFileType = sourcecode.swift; path = PatientAppViewModelTests.swift; sourceTree = "<group>"; };
		BB67148B1508DD6DDCDE508F /* PatientAppViewModel.swift */ = {isa = PBXFileReference; lastKnownFileType = sourcecode.swift; path = PatientAppViewModel.swift; sourceTree = "<group>"; };
		D110AA2B08DBF0EEB5EFE8F0 /* PatientStateVocabulary.swift */ = {isa = PBXFileReference; lastKnownFileType = sourcecode.swift; path = PatientStateVocabulary.swift; sourceTree = "<group>"; };
		E01F26F8BF8FF512B4AEB068 /* PatientReferenceJourneyUITests.swift */ = {isa = PBXFileReference; lastKnownFileType = sourcecode.swift; path = PatientReferenceJourneyUITests.swift; sourceTree = "<group>"; };
		ECEFE3457B5E9BBE36553777 /* NightingaleApp.swift */ = {isa = PBXFileReference; lastKnownFileType = sourcecode.swift; path = NightingaleApp.swift; sourceTree = "<group>"; };
		F9A3FD5B0E1CBFB5C648E2B7 /* Info.plist */ = {isa = PBXFileReference; lastKnownFileType = text.plist; path = Info.plist; sourceTree = "<group>"; };
		FF2A8F94E0A3E01291EAF969 /* PatientAPIClient.swift */ = {isa = PBXFileReference; lastKnownFileType = sourcecode.swift; path = PatientAPIClient.swift; sourceTree = "<group>"; };
		FFA340A827F34C3A052482D6 /* PatientStateVocabularyTests.swift */ = {isa = PBXFileReference; lastKnownFileType = sourcecode.swift; path = PatientStateVocabularyTests.swift; sourceTree = "<group>"; };
/* End PBXFileReference section */

/* Begin PBXGroup section */
		085FE6AFC688229BE6D72303 /* Privacy */ = {
			isa = PBXGroup;
			children = (
				83456BBF2CF3FFF67C81D643 /* PatientPrivacyCoverView.swift */,
			);
			path = Privacy;
			sourceTree = "<group>";
		};
		0A9F71CC21ED378D19F8CF62 /* Nightingale */ = {
			isa = PBXGroup;
			children = (
				A0C491B942A7327EBF7C7BF6 /* Assets.xcassets */,
				F9A3FD5B0E1CBFB5C648E2B7 /* Info.plist */,
				ED9B50770CB3BE4E1FCABFD6 /* App */,
				114E4F2825EDCE2BA1789609 /* DesignSystem */,
				98D2C6FEBD164C3F1B3E3F84 /* Features */,
				55A158FDD28DEB1AC83F168B /* Models */,
				6CB760FBCC4282E4FB7031B7 /* Networking */,
				085FE6AFC688229BE6D72303 /* Privacy */,
			);
			path = Nightingale;
			sourceTree = "<group>";
		};
		0D818CBCBC370658C14F5473 /* Account */ = {
			isa = PBXGroup;
			children = (
				5B010B588EC1F3203281832E /* PatientPreferencesView.swift */,
				B6597C355339E2D5760A484A /* PatientSessionManagementView.swift */,
			);
			path = Account;
			sourceTree = "<group>";
		};
		114E4F2825EDCE2BA1789609 /* DesignSystem */ = {
			isa = PBXGroup;
			children = (
				AE7143949FF09ABD2E28FDBD /* PatientComponents.swift */,
				1D2F8A2DDC171DBA8535D5A0 /* PatientPhotoBackground.swift */,
				26AB3D63D6EE567C14EC970A /* PatientPresentationPreferences.swift */,
			);
			path = DesignSystem;
			sourceTree = "<group>";
		};
		2E3C2057C379B324C7C8EB3D /* Authentication */ = {
			isa = PBXGroup;
			children = (
				7380F845608C59841D32AA21 /* PatientWelcomeView.swift */,
			);
			path = Authentication;
			sourceTree = "<group>";
		};
		341259A95EBC38D14D1F29FC /* Products */ = {
			isa = PBXGroup;
			children = (
				AF58DD5BA7FE99C79A9FE8F5 /* Nightingale.app */,
				A441B7C307BAC023571F55E6 /* NightingaleTests.xctest */,
				5E0B95BB3CE5328B8ABBF93B /* NightingaleUITests.xctest */,
			);
			name = Products;
			sourceTree = "<group>";
		};
		40A0D5AD798644E23F7288B5 /* Messages */ = {
			isa = PBXGroup;
			children = (
				5D13C9543E3EADD105F4BA16 /* PatientMessagesView.swift */,
			);
			path = Messages;
			sourceTree = "<group>";
		};
		55A158FDD28DEB1AC83F168B /* Models */ = {
			isa = PBXGroup;
			children = (
				6DC759A73C63CC90C5707CB0 /* PatientExperienceSnapshot.swift */,
				53EDC6E87C33F67201FB285D /* PatientMessagingState.swift */,
				D110AA2B08DBF0EEB5EFE8F0 /* PatientStateVocabulary.swift */,
			);
			path = Models;
			sourceTree = "<group>";
		};
		6CB760FBCC4282E4FB7031B7 /* Networking */ = {
			isa = PBXGroup;
			children = (
				FF2A8F94E0A3E01291EAF969 /* PatientAPIClient.swift */,
				55786DD1C4D8BD99D90FFCBC /* PatientAPIModels.swift */,
				4D276247EBDF61692A9A4453 /* PatientSecureStore.swift */,
			);
			path = Networking;
			sourceTree = "<group>";
		};
		80FF6331B829597C1D07B2B1 /* NightingaleUITests */ = {
			isa = PBXGroup;
			children = (
				E01F26F8BF8FF512B4AEB068 /* PatientReferenceJourneyUITests.swift */,
				9D8AFCB620B74EF29C8EB350 /* PatientSessionManagementUITests.swift */,
			);
			path = NightingaleUITests;
			sourceTree = "<group>";
		};
		89BC87B82F3E656D038ED4DE /* Today */ = {
			isa = PBXGroup;
			children = (
				8A904ED627030C42AF40BBD5 /* PatientTodayView.swift */,
			);
			path = Today;
			sourceTree = "<group>";
		};
		98D2C6FEBD164C3F1B3E3F84 /* Features */ = {
			isa = PBXGroup;
			children = (
				0D818CBCBC370658C14F5473 /* Account */,
				2E3C2057C379B324C7C8EB3D /* Authentication */,
				E3BAAB994996CAFF9CD041E1 /* CareTeam */,
				40A0D5AD798644E23F7288B5 /* Messages */,
				BDB9C927341ED97469E08702 /* Path */,
				A466421EFE32832BE7FC54CD /* Shell */,
				89BC87B82F3E656D038ED4DE /* Today */,
			);
			path = Features;
			sourceTree = "<group>";
		};
		A466421EFE32832BE7FC54CD /* Shell */ = {
			isa = PBXGroup;
			children = (
				1D0265A50953C1C1469B6BEA /* PatientTabShellView.swift */,
			);
			path = Shell;
			sourceTree = "<group>";
		};
		AD88AB4E1789C9948B12F268 /* NightingaleTests */ = {
			isa = PBXGroup;
			children = (
				6AE46B5C7E1868245CAB813E /* PatientAPIBoundaryTests.swift */,
				63CEC2EBC37F5FEB85109C44 /* PatientAPIClientTests.swift */,
				326CBBE276F88070AADD0776 /* PatientAPIModelTests.swift */,
				BA0313EDFD4E8035F16E7B71 /* PatientAppViewModelTests.swift */,
				87273A387D5AC7C0A0902213 /* PatientPresentationPreferencesTests.swift */,
				825B29D17DE6475ED8CF970D /* PatientRoundsQuestionTopicTests.swift */,
				FFA340A827F34C3A052482D6 /* PatientStateVocabularyTests.swift */,
			);
			path = NightingaleTests;
			sourceTree = "<group>";
		};
		BDB9C927341ED97469E08702 /* Path */ = {
			isa = PBXGroup;
			children = (
				72ADEE4158B0110762147032 /* PatientPathView.swift */,
			);
			path = Path;
			sourceTree = "<group>";
		};
		E3BAAB994996CAFF9CD041E1 /* CareTeam */ = {
			isa = PBXGroup;
			children = (
				6BD7472C9921D42E0A3A5481 /* PatientCareTeamView.swift */,
			);
			path = CareTeam;
			sourceTree = "<group>";
		};
		EB5D14379A7A6ACE15C7D96D = {
			isa = PBXGroup;
			children = (
				0A9F71CC21ED378D19F8CF62 /* Nightingale */,
				AD88AB4E1789C9948B12F268 /* NightingaleTests */,
				80FF6331B829597C1D07B2B1 /* NightingaleUITests */,
				341259A95EBC38D14D1F29FC /* Products */,
			);
			sourceTree = "<group>";
		};
		ED9B50770CB3BE4E1FCABFD6 /* App */ = {
			isa = PBXGroup;
			children = (
				ECEFE3457B5E9BBE36553777 /* NightingaleApp.swift */,
				764087BB4E66392A85797E77 /* PatientAppConfiguration.swift */,
				BB67148B1508DD6DDCDE508F /* PatientAppViewModel.swift */,
				6B60254857B4FEEFF822E57A /* PatientRootView.swift */,
			);
			path = App;
			sourceTree = "<group>";
		};
/* End PBXGroup section */

/* Begin PBXNativeTarget section */
		1FB4B5B11E4525282F552828 /* Nightingale */ = {
			isa = PBXNativeTarget;
			buildConfigurationList = 40A5C1FD316B2DBF89019A83 /* Build configuration list for PBXNativeTarget "Nightingale" */;
			buildPhases = (
				0188894AAC13C11F89C99C4E /* Sources */,
				EFF8226F6267723BEE27ECD2 /* Resources */,
			);
			buildRules = (
			);
			dependencies = (
			);
			name = Nightingale;
			packageProductDependencies = (
			);
			productName = Nightingale;
			productReference = AF58DD5BA7FE99C79A9FE8F5 /* Nightingale.app */;
			productType = "com.apple.product-type.application";
		};
		D2E68929BCADC273CD3296D8 /* NightingaleUITests */ = {
			isa = PBXNativeTarget;
			buildConfigurationList = 100471DAD90E52B3CB8A1FC5 /* Build configuration list for PBXNativeTarget "NightingaleUITests" */;
			buildPhases = (
				82BF3693BCE32357E7BFFDBC /* Sources */,
			);
			buildRules = (
			);
			dependencies = (
				D81042B586209053F67841BA /* PBXTargetDependency */,
			);
			name = NightingaleUITests;
			packageProductDependencies = (
			);
			productName = NightingaleUITests;
			productReference = 5E0B95BB3CE5328B8ABBF93B /* NightingaleUITests.xctest */;
			productType = "com.apple.product-type.bundle.ui-testing";
		};
		D5235EEF4AFA6410DC401841 /* NightingaleTests */ = {
			isa = PBXNativeTarget;
			buildConfigurationList = A6C751A4A13FB0337A8B7405 /* Build configuration list for PBXNativeTarget "NightingaleTests" */;
			buildPhases = (
				906F9ADDA535E2C88CD3D2B6 /* Sources */,
			);
			buildRules = (
			);
			dependencies = (
				08F8206AAB2E21F9ADE084AE /* PBXTargetDependency */,
			);
			name = NightingaleTests;
			packageProductDependencies = (
			);
			productName = NightingaleTests;
			productReference = A441B7C307BAC023571F55E6 /* NightingaleTests.xctest */;
			productType = "com.apple.product-type.bundle.unit-test";
		};
/* End PBXNativeTarget section */

/* Begin PBXProject section */
		081802ACA76412AD6BECA8EE /* Project object */ = {
			isa = PBXProject;
			attributes = {
				BuildIndependentTargetsInParallel = YES;
				LastUpgradeCheck = 1430;
				TargetAttributes = {
					1FB4B5B11E4525282F552828 = {
						DevelopmentTeam = TKXPY255A2;
						ProvisioningStyle = Automatic;
					};
					D2E68929BCADC273CD3296D8 = {
						TestTargetID = 1FB4B5B11E4525282F552828;
					};
				};
			};
			buildConfigurationList = 2217F6EE6E08E1FC5CCC2518 /* Build configuration list for PBXProject "Nightingale" */;
			developmentRegion = en;
			hasScannedForEncodings = 0;
			knownRegions = (
				Base,
				en,
			);
			mainGroup = EB5D14379A7A6ACE15C7D96D;
			minimizedProjectReferenceProxies = 1;
			preferredProjectObjectVersion = 77;
			productRefGroup = 341259A95EBC38D14D1F29FC /* Products */;
			projectDirPath = "";
			projectRoot = "";
			targets = (
				1FB4B5B11E4525282F552828 /* Nightingale */,
				D5235EEF4AFA6410DC401841 /* NightingaleTests */,
				D2E68929BCADC273CD3296D8 /* NightingaleUITests */,
			);
		};
/* End PBXProject section */

/* Begin PBXResourcesBuildPhase section */
		EFF8226F6267723BEE27ECD2 /* Resources */ = {
			isa = PBXResourcesBuildPhase;
			buildActionMask = 2147483647;
			files = (
				D408334DD3F44A5E21ADEC66 /* Assets.xcassets in Resources */,
			);
			runOnlyForDeploymentPostprocessing = 0;
		};
/* End PBXResourcesBuildPhase section */

/* Begin PBXSourcesBuildPhase section */
		0188894AAC13C11F89C99C4E /* Sources */ = {
			isa = PBXSourcesBuildPhase;
			buildActionMask = 2147483647;
			files = (
				67D2C5C6C66A980053519D86 /* NightingaleApp.swift in Sources */,
				35D3BFF850B483F86DE27A92 /* PatientAPIClient.swift in Sources */,
				691CB7696233CDB227FB26BD /* PatientAPIModels.swift in Sources */,
				8135A1E47CF58AB0FEB32D1A /* PatientAppConfiguration.swift in Sources */,
				EF4E44B1B4EF328742860504 /* PatientAppViewModel.swift in Sources */,
				609935F241A5C2890C4E7782 /* PatientCareTeamView.swift in Sources */,
				6CFFC51C458D85ADF42E5A2B /* PatientComponents.swift in Sources */,
				8790C3B0D56740E1ECEF5866 /* PatientExperienceSnapshot.swift in Sources */,
				0FE750E1376F4AF64033BC5E /* PatientMessagesView.swift in Sources */,
				0FCA174A09964DF4876277C8 /* PatientMessagingState.swift in Sources */,
				15F2F383FED2C34E92FB3229 /* PatientPathView.swift in Sources */,
				EC5DB3B76FDB0A47DDD4A712 /* PatientPhotoBackground.swift in Sources */,
				3CEF07D49BA12D8F72BFFB79 /* PatientPreferencesView.swift in Sources */,
				562FA9AD7E38CC035F8E23E5 /* PatientPresentationPreferences.swift in Sources */,
				948F9FC2EA1808798A0EFB5F /* PatientPrivacyCoverView.swift in Sources */,
				13F597240CC383B2F747933F /* PatientRootView.swift in Sources */,
				F325CAEE15FDFCA6E50D005E /* PatientSecureStore.swift in Sources */,
				81AACF28FF4989E7459EB3FE /* PatientSessionManagementView.swift in Sources */,
				A74A4098CFA71961F948F9D8 /* PatientStateVocabulary.swift in Sources */,
				498AD61313EE6C921860C2E2 /* PatientTabShellView.swift in Sources */,
				45F5B7452A0354127C47AB66 /* PatientTodayView.swift in Sources */,
				B5AF15B237EE0AB19F182CF8 /* PatientWelcomeView.swift in Sources */,
			);
			runOnlyForDeploymentPostprocessing = 0;
		};
		82BF3693BCE32357E7BFFDBC /* Sources */ = {
			isa = PBXSourcesBuildPhase;
			buildActionMask = 2147483647;
			files = (
				6495C30A552F4BF659327BC4 /* PatientReferenceJourneyUITests.swift in Sources */,
				C819ABC45C354F225A89C6D3 /* PatientSessionManagementUITests.swift in Sources */,
			);
			runOnlyForDeploymentPostprocessing = 0;
		};
		906F9ADDA535E2C88CD3D2B6 /* Sources */ = {
			isa = PBXSourcesBuildPhase;
			buildActionMask = 2147483647;
			files = (
				24878B5D87AA9E4F797DBAC2 /* PatientAPIBoundaryTests.swift in Sources */,
				E21F81185F4ABB447FC2D17F /* PatientAPIClientTests.swift in Sources */,
				46D836C07A4EC867C19EF39A /* PatientAPIModelTests.swift in Sources */,
				9B7C198CFD490486E3BA740E /* PatientAppViewModelTests.swift in Sources */,
				2C05F6FD28F28D8001E1E9A6 /* PatientPresentationPreferencesTests.swift in Sources */,
				3E88A84A7F0B8110E6FA3F46 /* PatientRoundsQuestionTopicTests.swift in Sources */,
				33B5AA093C2799CB8B132BAF /* PatientStateVocabularyTests.swift in Sources */,
			);
			runOnlyForDeploymentPostprocessing = 0;
		};
/* End PBXSourcesBuildPhase section */

/* Begin PBXTargetDependency section */
		08F8206AAB2E21F9ADE084AE /* PBXTargetDependency */ = {
			isa = PBXTargetDependency;
			target = 1FB4B5B11E4525282F552828 /* Nightingale */;
			targetProxy = 351132D7C6840823D4C97513 /* PBXContainerItemProxy */;
		};
		D81042B586209053F67841BA /* PBXTargetDependency */ = {
			isa = PBXTargetDependency;
			target = 1FB4B5B11E4525282F552828 /* Nightingale */;
			targetProxy = 6021592F463EE3ABD4C18265 /* PBXContainerItemProxy */;
		};
/* End PBXTargetDependency section */

/* Begin XCBuildConfiguration section */
		38792ED2E63C4D711B6F7C31 /* Debug */ = {
			isa = XCBuildConfiguration;
			buildSettings = {
				ASSETCATALOG_COMPILER_APPICON_NAME = AppIcon;
				CODE_SIGN_IDENTITY = "iPhone Developer";
				CODE_SIGN_STYLE = Automatic;
				CURRENT_PROJECT_VERSION = 1;
				DEVELOPMENT_TEAM = TKXPY255A2;
				GENERATE_INFOPLIST_FILE = NO;
				INFOPLIST_FILE = Nightingale/Info.plist;
				LD_RUNPATH_SEARCH_PATHS = (
					"$(inherited)",
					"@executable_path/Frameworks",
				);
				MARKETING_VERSION = 0.1.0;
				PRODUCT_BUNDLE_IDENTIFIER = net.acumenus.nightingale;
				SDKROOT = iphoneos;
				TARGETED_DEVICE_FAMILY = 1;
			};
			name = Debug;
		};
		6C40052BC3ADC9B3AD87FDE7 /* Release */ = {
			isa = XCBuildConfiguration;
			buildSettings = {
				ASSETCATALOG_COMPILER_APPICON_NAME = AppIcon;
				CODE_SIGN_IDENTITY = "iPhone Developer";
				CODE_SIGN_STYLE = Automatic;
				CURRENT_PROJECT_VERSION = 1;
				DEVELOPMENT_TEAM = TKXPY255A2;
				GENERATE_INFOPLIST_FILE = NO;
				INFOPLIST_FILE = Nightingale/Info.plist;
				LD_RUNPATH_SEARCH_PATHS = (
					"$(inherited)",
					"@executable_path/Frameworks",
				);
				MARKETING_VERSION = 0.1.0;
				PRODUCT_BUNDLE_IDENTIFIER = net.acumenus.nightingale;
				SDKROOT = iphoneos;
				TARGETED_DEVICE_FAMILY = 1;
			};
			name = Release;
		};
		6DA1C4FC700849552BA23355 /* Debug */ = {
			isa = XCBuildConfiguration;
			buildSettings = {
				BUNDLE_LOADER = "$(TEST_HOST)";
				GENERATE_INFOPLIST_FILE = YES;
				LD_RUNPATH_SEARCH_PATHS = (
					"$(inherited)",
					"@executable_path/Frameworks",
					"@loader_path/Frameworks",
				);
				PRODUCT_BUNDLE_IDENTIFIER = "net.acumenus.nightingale.ui-tests";
				SDKROOT = iphoneos;
				TARGETED_DEVICE_FAMILY = "1,2";
				TEST_TARGET_NAME = Nightingale;
			};
			name = Debug;
		};
		6FFEB2DC4FB18BC0D651A99B /* Debug */ = {
			isa = XCBuildConfiguration;
			buildSettings = {
				ALWAYS_SEARCH_USER_PATHS = NO;
				CLANG_ANALYZER_NONNULL = YES;
				CLANG_ANALYZER_NUMBER_OBJECT_CONVERSION = YES_AGGRESSIVE;
				CLANG_CXX_LANGUAGE_STANDARD = "gnu++14";
				CLANG_CXX_LIBRARY = "libc++";
				CLANG_ENABLE_MODULES = YES;
				CLANG_ENABLE_OBJC_ARC = YES;
				CLANG_ENABLE_OBJC_WEAK = YES;
				CLANG_WARN_BLOCK_CAPTURE_AUTORELEASING = YES;
				CLANG_WARN_BOOL_CONVERSION = YES;
				CLANG_WARN_COMMA = YES;
				CLANG_WARN_CONSTANT_CONVERSION = YES;
				CLANG_WARN_DEPRECATED_OBJC_IMPLEMENTATIONS = YES;
				CLANG_WARN_DIRECT_OBJC_ISA_USAGE = YES_ERROR;
				CLANG_WARN_DOCUMENTATION_COMMENTS = YES;
				CLANG_WARN_EMPTY_BODY = YES;
				CLANG_WARN_ENUM_CONVERSION = YES;
				CLANG_WARN_INFINITE_RECURSION = YES;
				CLANG_WARN_INT_CONVERSION = YES;
				CLANG_WARN_NON_LITERAL_NULL_CONVERSION = YES;
				CLANG_WARN_OBJC_IMPLICIT_RETAIN_SELF = YES;
				CLANG_WARN_OBJC_LITERAL_CONVERSION = YES;
				CLANG_WARN_OBJC_ROOT_CLASS = YES_ERROR;
				CLANG_WARN_QUOTED_INCLUDE_IN_FRAMEWORK_HEADER = YES;
				CLANG_WARN_RANGE_LOOP_ANALYSIS = YES;
				CLANG_WARN_STRICT_PROTOTYPES = YES;
				CLANG_WARN_SUSPICIOUS_MOVE = YES;
				CLANG_WARN_UNGUARDED_AVAILABILITY = YES_AGGRESSIVE;
				CLANG_WARN_UNREACHABLE_CODE = YES;
				CLANG_WARN__DUPLICATE_METHOD_MATCH = YES;
				COPY_PHASE_STRIP = NO;
				DEBUG_INFORMATION_FORMAT = dwarf;
				ENABLE_STRICT_OBJC_MSGSEND = YES;
				ENABLE_TESTABILITY = YES;
				GCC_C_LANGUAGE_STANDARD = gnu11;
				GCC_DYNAMIC_NO_PIC = NO;
				GCC_NO_COMMON_BLOCKS = YES;
				GCC_OPTIMIZATION_LEVEL = 0;
				GCC_PREPROCESSOR_DEFINITIONS = (
					"$(inherited)",
					"DEBUG=1",
				);
				GCC_WARN_64_TO_32_BIT_CONVERSION = YES;
				GCC_WARN_ABOUT_RETURN_TYPE = YES_ERROR;
				GCC_WARN_UNDECLARED_SELECTOR = YES;
				GCC_WARN_UNINITIALIZED_AUTOS = YES_AGGRESSIVE;
				GCC_WARN_UNUSED_FUNCTION = YES;
				GCC_WARN_UNUSED_VARIABLE = YES;
				IPHONEOS_DEPLOYMENT_TARGET = 17.0;
				MTL_ENABLE_DEBUG_INFO = INCLUDE_SOURCE;
				MTL_FAST_MATH = YES;
				ONLY_ACTIVE_ARCH = YES;
				PRODUCT_NAME = "$(TARGET_NAME)";
				SDKROOT = iphoneos;
				SWIFT_ACTIVE_COMPILATION_CONDITIONS = DEBUG;
				SWIFT_OPTIMIZATION_LEVEL = "-Onone";
				SWIFT_VERSION = 5.0;
			};
			name = Debug;
		};
		CD66B03B9894884F35C807BB /* Release */ = {
			isa = XCBuildConfiguration;
			buildSettings = {
				BUNDLE_LOADER = "$(TEST_HOST)";
				GENERATE_INFOPLIST_FILE = YES;
				LD_RUNPATH_SEARCH_PATHS = (
					"$(inherited)",
					"@executable_path/Frameworks",
					"@loader_path/Frameworks",
				);
				PRODUCT_BUNDLE_IDENTIFIER = "net.acumenus.nightingale.ui-tests";
				SDKROOT = iphoneos;
				TARGETED_DEVICE_FAMILY = "1,2";
				TEST_TARGET_NAME = Nightingale;
			};
			name = Release;
		};
		D185C106B724DA8369568A3B /* Debug */ = {
			isa = XCBuildConfiguration;
			buildSettings = {
				BUNDLE_LOADER = "$(TEST_HOST)";
				GENERATE_INFOPLIST_FILE = YES;
				LD_RUNPATH_SEARCH_PATHS = (
					"$(inherited)",
					"@executable_path/Frameworks",
					"@loader_path/Frameworks",
				);
				PRODUCT_BUNDLE_IDENTIFIER = net.acumenus.nightingale.tests;
				SDKROOT = iphoneos;
				TARGETED_DEVICE_FAMILY = "1,2";
				TEST_HOST = "$(BUILT_PRODUCTS_DIR)/Nightingale.app/$(BUNDLE_EXECUTABLE_FOLDER_PATH)/Nightingale";
			};
			name = Debug;
		};
		DEE015A2DCB5CEAD2A0A8FAB /* Release */ = {
			isa = XCBuildConfiguration;
			buildSettings = {
				ALWAYS_SEARCH_USER_PATHS = NO;
				CLANG_ANALYZER_NONNULL = YES;
				CLANG_ANALYZER_NUMBER_OBJECT_CONVERSION = YES_AGGRESSIVE;
				CLANG_CXX_LANGUAGE_STANDARD = "gnu++14";
				CLANG_CXX_LIBRARY = "libc++";
				CLANG_ENABLE_MODULES = YES;
				CLANG_ENABLE_OBJC_ARC = YES;
				CLANG_ENABLE_OBJC_WEAK = YES;
				CLANG_WARN_BLOCK_CAPTURE_AUTORELEASING = YES;
				CLANG_WARN_BOOL_CONVERSION = YES;
				CLANG_WARN_COMMA = YES;
				CLANG_WARN_CONSTANT_CONVERSION = YES;
				CLANG_WARN_DEPRECATED_OBJC_IMPLEMENTATIONS = YES;
				CLANG_WARN_DIRECT_OBJC_ISA_USAGE = YES_ERROR;
				CLANG_WARN_DOCUMENTATION_COMMENTS = YES;
				CLANG_WARN_EMPTY_BODY = YES;
				CLANG_WARN_ENUM_CONVERSION = YES;
				CLANG_WARN_INFINITE_RECURSION = YES;
				CLANG_WARN_INT_CONVERSION = YES;
				CLANG_WARN_NON_LITERAL_NULL_CONVERSION = YES;
				CLANG_WARN_OBJC_IMPLICIT_RETAIN_SELF = YES;
				CLANG_WARN_OBJC_LITERAL_CONVERSION = YES;
				CLANG_WARN_OBJC_ROOT_CLASS = YES_ERROR;
				CLANG_WARN_QUOTED_INCLUDE_IN_FRAMEWORK_HEADER = YES;
				CLANG_WARN_RANGE_LOOP_ANALYSIS = YES;
				CLANG_WARN_STRICT_PROTOTYPES = YES;
				CLANG_WARN_SUSPICIOUS_MOVE = YES;
				CLANG_WARN_UNGUARDED_AVAILABILITY = YES_AGGRESSIVE;
				CLANG_WARN_UNREACHABLE_CODE = YES;
				CLANG_WARN__DUPLICATE_METHOD_MATCH = YES;
				COPY_PHASE_STRIP = NO;
				DEBUG_INFORMATION_FORMAT = "dwarf-with-dsym";
				ENABLE_NS_ASSERTIONS = NO;
				ENABLE_STRICT_OBJC_MSGSEND = YES;
				GCC_C_LANGUAGE_STANDARD = gnu11;
				GCC_NO_COMMON_BLOCKS = YES;
				GCC_WARN_64_TO_32_BIT_CONVERSION = YES;
				GCC_WARN_ABOUT_RETURN_TYPE = YES_ERROR;
				GCC_WARN_UNDECLARED_SELECTOR = YES;
				GCC_WARN_UNINITIALIZED_AUTOS = YES_AGGRESSIVE;
				GCC_WARN_UNUSED_FUNCTION = YES;
				GCC_WARN_UNUSED_VARIABLE = YES;
				IPHONEOS_DEPLOYMENT_TARGET = 17.0;
				MTL_ENABLE_DEBUG_INFO = NO;
				MTL_FAST_MATH = YES;
				PRODUCT_NAME = "$(TARGET_NAME)";
				SDKROOT = iphoneos;
				SWIFT_COMPILATION_MODE = wholemodule;
				SWIFT_OPTIMIZATION_LEVEL = "-O";
				SWIFT_VERSION = 5.0;
			};
			name = Release;
		};
		DF179FAD865DFC9553C50154 /* Release */ = {
			isa = XCBuildConfiguration;
			buildSettings = {
				BUNDLE_LOADER = "$(TEST_HOST)";
				GENERATE_INFOPLIST_FILE = YES;
				LD_RUNPATH_SEARCH_PATHS = (
					"$(inherited)",
					"@executable_path/Frameworks",
					"@loader_path/Frameworks",
				);
				PRODUCT_BUNDLE_IDENTIFIER = net.acumenus.nightingale.tests;
				SDKROOT = iphoneos;
				TARGETED_DEVICE_FAMILY = "1,2";
				TEST_HOST = "$(BUILT_PRODUCTS_DIR)/Nightingale.app/$(BUNDLE_EXECUTABLE_FOLDER_PATH)/Nightingale";
			};
			name = Release;
		};
/* End XCBuildConfiguration section */

/* Begin XCConfigurationList section */
		100471DAD90E52B3CB8A1FC5 /* Build configuration list for PBXNativeTarget "NightingaleUITests" */ = {
			isa = XCConfigurationList;
			buildConfigurations = (
				6DA1C4FC700849552BA23355 /* Debug */,
				CD66B03B9894884F35C807BB /* Release */,
			);
			defaultConfigurationIsVisible = 0;
			defaultConfigurationName = Debug;
		};
		2217F6EE6E08E1FC5CCC2518 /* Build configuration list for PBXProject "Nightingale" */ = {
			isa = XCConfigurationList;
			buildConfigurations = (
				6FFEB2DC4FB18BC0D651A99B /* Debug */,
				DEE015A2DCB5CEAD2A0A8FAB /* Release */,
			);
			defaultConfigurationIsVisible = 0;
			defaultConfigurationName = Debug;
		};
		40A5C1FD316B2DBF89019A83 /* Build configuration list for PBXNativeTarget "Nightingale" */ = {
			isa = XCConfigurationList;
			buildConfigurations = (
				38792ED2E63C4D711B6F7C31 /* Debug */,
				6C40052BC3ADC9B3AD87FDE7 /* Release */,
			);
			defaultConfigurationIsVisible = 0;
			defaultConfigurationName = Debug;
		};
		A6C751A4A13FB0337A8B7405 /* Build configuration list for PBXNativeTarget "NightingaleTests" */ = {
			isa = XCConfigurationList;
			buildConfigurations = (
				D185C106B724DA8369568A3B /* Debug */,
				DF179FAD865DFC9553C50154 /* Release */,
			);
			defaultConfigurationIsVisible = 0;
			defaultConfigurationName = Debug;
		};
/* End XCConfigurationList section */
	};
	rootObject = 081802ACA76412AD6BECA8EE /* Project object */;
}
